
Microsoft Visual Studio Solution File, Format Version 12.00
# Visual Studio Version 16
VisualStudioVersion = 16.0.31424.327
MinimumVisualStudioVersion = 10.0.40219.1
Project("{FAE04EC0-301F-11D3-BF4B-00C04F79EFBC}") = "Ecommerce+React", "Ecommerce+React.csproj", "{7EDFEB70-9F4D-41EE-BC6F-FCA4874E0CE7}"
EndProject
Global
	GlobalSection(SolutionConfigurationPlatforms) = preSolution
		Debug|Any CPU = Debug|Any CPU
		Release|Any CPU = Release|Any CPU
	EndGlobalSection
	GlobalSection(ProjectConfigurationPlatforms) = postSolution
		{7EDFEB70-9F4D-41EE-BC6F-FCA4874E0CE7}.Debug|Any CPU.ActiveCfg = Debug|Any CPU
		{7EDFEB70-9F4D-41EE-BC6F-FCA4874E0CE7}.Debug|Any CPU.Build.0 = Debug|Any CPU
		{7EDFEB70-9F4D-41EE-BC6F-FCA4874E0CE7}.Release|Any CPU.ActiveCfg = Release|Any CPU
		{7EDFEB70-9F4D-41EE-BC6F-FCA4874E0CE7}.Release|Any CPU.Build.0 = Release|Any CPU
	EndGlobalSection
	GlobalSection(SolutionProperties) = preSolution
		HideSolutionNode = FALSE
	EndGlobalSection
	GlobalSection(ExtensibilityGlobals) = postSolution
		SolutionGuid = {CC9CCD8D-3083-43DA-A264-5E91719A3D58}
	EndGlobalSection
EndGlobal
